
Microsoft Visual Studio Solution File, Format Version 12.00
# Visual Studio 15
VisualStudioVersion = 15.0.27004.2010
MinimumVisualStudioVersion = 10.0.40219.1
Project("{FAE04EC0-301F-11D3-BF4B-00C04F79EFBC}") = "SQLite.Android", "SQLite\SQLite.Android\SQLite.Android.csproj", "{2CE28DD0-64DE-4B44-8A3D-4E3293F1E8D1}"
EndProject
Project("{FAE04EC0-301F-11D3-BF4B-00C04F79EFBC}") = "SQLite", "SQLite\SQLite\SQLite.csproj", "{E2FB39E3-5444-4CE6-AF88-77A8E742C3D8}"
EndProject
Project("{FAE04EC0-301F-11D3-BF4B-00C04F79EFBC}") = "SQLite.iOS", "SQLite\SQLite.iOS\SQLite.iOS.csproj", "{194054C1-488F-4F2E-895C-34A1DDC3397B}"
EndProject
Global
	GlobalSection(SolutionConfigurationPlatforms) = preSolution
		Ad-Hoc|Any CPU = Ad-Hoc|Any CPU
		Ad-Hoc|iPhone = Ad-Hoc|iPhone
		Ad-Hoc|iPhoneSimulator = Ad-Hoc|iPhoneSimulator
		AppStore|Any CPU = AppStore|Any CPU
		AppStore|iPhone = AppStore|iPhone
		AppStore|iPhoneSimulator = AppStore|iPhoneSimulator
		Debug|Any CPU = Debug|Any CPU
		Debug|iPhone = Debug|iPhone
		Debug|iPhoneSimulator = Debug|iPhoneSimulator
		Release|Any CPU = Release|Any CPU
		Release|iPhone = Release|iPhone
		Release|iPhoneSimulator = Release|iPhoneSimulator
	EndGlobalSection
	GlobalSection(ProjectConfigurationPlatforms) = postSolution
		{2CE28DD0-64DE-4B44-8A3D-4E3293F1E8D1}.Ad-Hoc|Any CPU.ActiveCfg = Release|Any CPU
		{2CE28DD0-64DE-4B44-8A3D-4E3293F1E8D1}.Ad-Hoc|Any CPU.Build.0 = Release|Any CPU
		{2CE28DD0-64DE-4B44-8A3D-4E3293F1E8D1}.Ad-Hoc|Any CPU.Deploy.0 = Release|Any CPU
		{2CE28DD0-64DE-4B44-8A3D-4E3293F1E8D1}.Ad-Hoc|iPhone.ActiveCfg = Release|Any CPU
		{2CE28DD0-64DE-4B44-8A3D-4E3293F1E8D1}.Ad-Hoc|iPhone.Build.0 = Release|Any CPU
		{2CE28DD0-64DE-4B44-8A3D-4E3293F1E8D1}.Ad-Hoc|iPhone.Deploy.0 = Release|Any CPU
		{2CE28DD0-64DE-4B44-8A3D-4E3293F1E8D1}.Ad-Hoc|iPhoneSimulator.ActiveCfg = Release|Any CPU
		{2CE28DD0-64DE-4B44-8A3D-4E3293F1E8D1}.Ad-Hoc|iPhoneSimulator.Build.0 = Release|Any CPU
		{2CE28DD0-64DE-4B44-8A3D-4E3293F1E8D1}.Ad-Hoc|iPhoneSimulator.Deploy.0 = Release|Any CPU
		{2CE28DD0-64DE-4B44-8A3D-4E3293F1E8D1}.AppStore|Any CPU.ActiveCfg = Release|Any CPU
		{2CE28DD0-64DE-4B44-8A3D-4E3293F1E8D1}.AppStore|Any CPU.Build.0 = Release|Any CPU
		{2CE28DD0-64DE-4B44-8A3D-4E3293F1E8D1}.AppStore|Any CPU.Deploy.0 = Release|Any CPU
		{2CE28DD0-64DE-4B44-8A3D-4E3293F1E8D1}.AppStore|iPhone.ActiveCfg = Release|Any CPU
		{2CE28DD0-64DE-4B44-8A3D-4E3293F1E8D1}.AppStore|iPhone.Build.0 = Release|Any CPU
		{2CE28DD0-64DE-4B44-8A3D-4E3293F1E8D1}.AppStore|iPhone.Deploy.0 = Release|Any CPU
		{2CE28DD0-64DE-4B44-8A3D-4E3293F1E8D1}.AppStore|iPhoneSimulator.ActiveCfg = Release|Any CPU
		{2CE28DD0-64DE-4B44-8A3D-4E3293F1E8D1}.AppStore|iPhoneSimulator.Build.0 = Release|Any CPU
		{2CE28DD0-64DE-4B44-8A3D-4E3293F1E8D1}.AppStore|iPhoneSimulator.Deploy.0 = Release|Any CPU
		{2CE28DD0-64DE-4B44-8A3D-4E3293F1E8D1}.Debug|Any CPU.ActiveCfg = Debug|Any CPU
		{2CE28DD0-64DE-4B44-8A3D-4E3293F1E8D1}.Debug|Any CPU.Build.0 = Debug|Any CPU
		{2CE28DD0-64DE-4B44-8A3D-4E3293F1E8D1}.Debug|Any CPU.Deploy.0 = Debug|Any CPU
		{2CE28DD0-64DE-4B44-8A3D-4E3293F1E8D1}.Debug|iPhone.ActiveCfg = Debug|Any CPU
		{2CE28DD0-64DE-4B44-8A3D-4E3293F1E8D1}.Debug|iPhone.Build.0 = Debug|Any CPU
		{2CE28DD0-64DE-4B44-8A3D-4E3293F1E8D1}.Debug|iPhone.Deploy.0 = Debug|Any CPU
		{2CE28DD0-64DE-4B44-8A3D-4E3293F1E8D1}.Debug|iPhoneSimulator.ActiveCfg = Debug|Any CPU
		{2CE28DD0-64DE-4B44-8A3D-4E3293F1E8D1}.Debug|iPhoneSimulator.Build.0 = Debug|Any CPU
		{2CE28DD0-64DE-4B44-8A3D-4E3293F1E8D1}.Debug|iPhoneSimulator.Deploy.0 = Debug|Any CPU
		{2CE28DD0-64DE-4B44-8A3D-4E3293F1E8D1}.Release|Any CPU.ActiveCfg = Release|Any CPU
		{2CE28DD0-64DE-4B44-8A3D-4E3293F1E8D1}.Release|Any CPU.Build.0 = Release|Any CPU
		{2CE28DD0-64DE-4B44-8A3D-4E3293F1E8D1}.Release|Any CPU.Deploy.0 = Release|Any CPU
		{2CE28DD0-64DE-4B44-8A3D-4E3293F1E8D1}.Release|iPhone.ActiveCfg = Release|Any CPU
		{2CE28DD0-64DE-4B44-8A3D-4E3293F1E8D1}.Release|iPhone.Build.0 = Release|Any CPU
		{2CE28DD0-64DE-4B44-8A3D-4E3293F1E8D1}.Release|iPhone.Deploy.0 = Release|Any CPU
		{2CE28DD0-64DE-4B44-8A3D-4E3293F1E8D1}.Release|iPhoneSimulator.ActiveCfg = Release|Any CPU
		{2CE28DD0-64DE-4B44-8A3D-4E3293F1E8D1}.Release|iPhoneSimulator.Build.0 = Release|Any CPU
		{2CE28DD0-64DE-4B44-8A3D-4E3293F1E8D1}.Release|iPhoneSimulator.Deploy.0 = Release|Any CPU
		{E2FB39E3-5444-4CE6-AF88-77A8E742C3D8}.Ad-Hoc|Any CPU.ActiveCfg = Release|Any CPU
		{E2FB39E3-5444-4CE6-AF88-77A8E742C3D8}.Ad-Hoc|Any CPU.Build.0 = Release|Any CPU
		{E2FB39E3-5444-4CE6-AF88-77A8E742C3D8}.Ad-Hoc|iPhone.ActiveCfg = Release|Any CPU
		{E2FB39E3-5444-4CE6-AF88-77A8E742C3D8}.Ad-Hoc|iPhone.Build.0 = Release|Any CPU
		{E2FB39E3-5444-4CE6-AF88-77A8E742C3D8}.Ad-Hoc|iPhoneSimulator.ActiveCfg = Release|Any CPU
		{E2FB39E3-5444-4CE6-AF88-77A8E742C3D8}.Ad-Hoc|iPhoneSimulator.Build.0 = Release|Any CPU
		{E2FB39E3-5444-4CE6-AF88-77A8E742C3D8}.AppStore|Any CPU.ActiveCfg = Release|Any CPU
		{E2FB39E3-5444-4CE6-AF88-77A8E742C3D8}.AppStore|Any CPU.Build.0 = Release|Any CPU
		{E2FB39E3-5444-4CE6-AF88-77A8E742C3D8}.AppStore|iPhone.ActiveCfg = Release|Any CPU
		{E2FB39E3-5444-4CE6-AF88-77A8E742C3D8}.AppStore|iPhone.Build.0 = Release|Any CPU
		{E2FB39E3-5444-4CE6-AF88-77A8E742C3D8}.AppStore|iPhoneSimulator.ActiveCfg = Release|Any CPU
		{E2FB39E3-5444-4CE6-AF88-77A8E742C3D8}.AppStore|iPhoneSimulator.Build.0 = Release|Any CPU
		{E2FB39E3-5444-4CE6-AF88-77A8E742C3D8}.Debug|Any CPU.ActiveCfg = Debug|Any CPU
		{E2FB39E3-5444-4CE6-AF88-77A8E742C3D8}.Debug|Any CPU.Build.0 = Debug|Any CPU
		{E2FB39E3-5444-4CE6-AF88-77A8E742C3D8}.Debug|iPhone.ActiveCfg = Debug|Any CPU
		{E2FB39E3-5444-4CE6-AF88-77A8E742C3D8}.Debug|iPhone.Build.0 = Debug|Any CPU
		{E2FB39E3-5444-4CE6-AF88-77A8E742C3D8}.Debug|iPhoneSimulator.ActiveCfg = Debug|Any CPU
		{E2FB39E3-5444-4CE6-AF88-77A8E742C3D8}.Debug|iPhoneSimulator.Build.0 = Debug|Any CPU
		{E2FB39E3-5444-4CE6-AF88-77A8E742C3D8}.Release|Any CPU.ActiveCfg = Release|Any CPU
		{E2FB39E3-5444-4CE6-AF88-77A8E742C3D8}.Release|Any CPU.Build.0 = Release|Any CPU
		{E2FB39E3-5444-4CE6-AF88-77A8E742C3D8}.Release|iPhone.ActiveCfg = Release|Any CPU
		{E2FB39E3-5444-4CE6-AF88-77A8E742C3D8}.Release|iPhone.Build.0 = Release|Any CPU
		{E2FB39E3-5444-4CE6-AF88-77A8E742C3D8}.Release|iPhoneSimulator.ActiveCfg = Release|Any CPU
		{E2FB39E3-5444-4CE6-AF88-77A8E742C3D8}.Release|iPhoneSimulator.Build.0 = Release|Any CPU
		{194054C1-488F-4F2E-895C-34A1DDC3397B}.Ad-Hoc|Any CPU.ActiveCfg = Ad-Hoc|iPhoneSimulator
		{194054C1-488F-4F2E-895C-34A1DDC3397B}.Ad-Hoc|iPhone.ActiveCfg = Ad-Hoc|iPhone
		{194054C1-488F-4F2E-895C-34A1DDC3397B}.Ad-Hoc|iPhone.Build.0 = Ad-Hoc|iPhone
		{194054C1-488F-4F2E-895C-34A1DDC3397B}.Ad-Hoc|iPhoneSimulator.ActiveCfg = Ad-Hoc|iPhoneSimulator
		{194054C1-488F-4F2E-895C-34A1DDC3397B}.Ad-Hoc|iPhoneSimulator.Build.0 = Ad-Hoc|iPhoneSimulator
		{194054C1-488F-4F2E-895C-34A1DDC3397B}.AppStore|Any CPU.ActiveCfg = AppStore|iPhoneSimulator
		{194054C1-488F-4F2E-895C-34A1DDC3397B}.AppStore|iPhone.ActiveCfg = AppStore|iPhone
		{194054C1-488F-4F2E-895C-34A1DDC3397B}.AppStore|iPhone.Build.0 = AppStore|iPhone
		{194054C1-488F-4F2E-895C-34A1DDC3397B}.AppStore|iPhoneSimulator.ActiveCfg = AppStore|iPhoneSimulator
		{194054C1-488F-4F2E-895C-34A1DDC3397B}.AppStore|iPhoneSimulator.Build.0 = AppStore|iPhoneSimulator
		{194054C1-488F-4F2E-895C-34A1DDC3397B}.Debug|Any CPU.ActiveCfg = Debug|iPhoneSimulator
		{194054C1-488F-4F2E-895C-34A1DDC3397B}.Debug|iPhone.ActiveCfg = Debug|iPhone
		{194054C1-488F-4F2E-895C-34A1DDC3397B}.Debug|iPhone.Build.0 = Debug|iPhone
		{194054C1-488F-4F2E-895C-34A1DDC3397B}.Debug|iPhoneSimulator.ActiveCfg = Debug|iPhoneSimulator
		{194054C1-488F-4F2E-895C-34A1DDC3397B}.Debug|iPhoneSimulator.Build.0 = Debug|iPhoneSimulator
		{194054C1-488F-4F2E-895C-34A1DDC3397B}.Release|Any CPU.ActiveCfg = Release|iPhoneSimulator
		{194054C1-488F-4F2E-895C-34A1DDC3397B}.Release|iPhone.ActiveCfg = Release|iPhone
		{194054C1-488F-4F2E-895C-34A1DDC3397B}.Release|iPhone.Build.0 = Release|iPhone
		{194054C1-488F-4F2E-895C-34A1DDC3397B}.Release|iPhoneSimulator.ActiveCfg = Release|iPhoneSimulator
		{194054C1-488F-4F2E-895C-34A1DDC3397B}.Release|iPhoneSimulator.Build.0 = Release|iPhoneSimulator
	EndGlobalSection
	GlobalSection(SolutionProperties) = preSolution
		HideSolutionNode = FALSE
	EndGlobalSection
	GlobalSection(ExtensibilityGlobals) = postSolution
		SolutionGuid = {24BD3D5B-46D0-43CC-8772-7498F33DAA0A}
	EndGlobalSection
EndGlobal
